
Microsoft Visual Studio Solution File, Format Version 12.00
# Visual Studio Version 17
VisualStudioVersion = 17.2.32616.157
MinimumVisualStudioVersion = 10.0.40219.1
Project("{FAE04EC0-301F-11D3-BF4B-00C04F79EFBC}") = "TextAdventureTest", "TextAdventureTest\TextAdventureTest.csproj", "{9B9025B8-9F48-4C11-9157-728C4E2BE96F}"
EndProject
Global
	GlobalSection(SolutionConfigurationPlatforms) = preSolution
		Debug|Any CPU = Debug|Any CPU
		Release|Any CPU = Release|Any CPU
	EndGlobalSection
	GlobalSection(ProjectConfigurationPlatforms) = postSolution
		{9B9025B8-9F48-4C11-9157-728C4E2BE96F}.Debug|Any CPU.ActiveCfg = Debug|Any CPU
		{9B9025B8-9F48-4C11-9157-728C4E2BE96F}.Debug|Any CPU.Build.0 = Debug|Any CPU
		{9B9025B8-9F48-4C11-9157-728C4E2BE96F}.Release|Any CPU.ActiveCfg = Release|Any CPU
		{9B9025B8-9F48-4C11-9157-728C4E2BE96F}.Release|Any CPU.Build.0 = Release|Any CPU
	EndGlobalSection
	GlobalSection(SolutionProperties) = preSolution
		HideSolutionNode = FALSE
	EndGlobalSection
	GlobalSection(ExtensibilityGlobals) = postSolution
		SolutionGuid = {59E6B65B-0217-4BFB-84BE-6B47BB05CC5A}
	EndGlobalSection
EndGlobal
